
Microsoft Visual Studio Solution File, Format Version 12.00
# Visual Studio Version 16
VisualStudioVersion = 16.0.29403.142
MinimumVisualStudioVersion = 10.0.40219.1
Project("{FAE04EC0-301F-11D3-BF4B-00C04F79EFBC}") = "日程管理生成系统", "日程管理生成系统.csproj", "{76A74FDE-83CB-4802-BC80-82EAEC2A384A}"
EndProject
Global
	GlobalSection(SolutionConfigurationPlatforms) = preSolution
		Debug|Any CPU = Debug|Any CPU
		Release|Any CPU = Release|Any CPU
	EndGlobalSection
	GlobalSection(ProjectConfigurationPlatforms) = postSolution
		{76A74FDE-83CB-4802-BC80-82EAEC2A384A}.Debug|Any CPU.ActiveCfg = Debug|Any CPU
		{76A74FDE-83CB-4802-BC80-82EAEC2A384A}.Debug|Any CPU.Build.0 = Debug|Any CPU
		{76A74FDE-83CB-4802-BC80-82EAEC2A384A}.Release|Any CPU.ActiveCfg = Release|Any CPU
		{76A74FDE-83CB-4802-BC80-82EAEC2A384A}.Release|Any CPU.Build.0 = Release|Any CPU
	EndGlobalSection
	GlobalSection(SolutionProperties) = preSolution
		HideSolutionNode = FALSE
	EndGlobalSection
	GlobalSection(ExtensibilityGlobals) = postSolution
		SolutionGuid = {650FE71D-0668-4546-ABFB-DD31A036725B}
	EndGlobalSection
EndGlobal
